
Microsoft Visual Studio Solution File, Format Version 12.00
# Visual Studio Version 17
VisualStudioVersion = 17.9.34701.34
MinimumVisualStudioVersion = 10.0.40219.1
Project("{9A19103F-16F7-4668-BE54-9A1E7A4F7556}") = "StrategyPattern", "StrategyPattern\StrategyPattern.csproj", "{71999F5F-977E-47FD-B654-0623BBD77A95}"
EndProject
Project("{9A19103F-16F7-4668-BE54-9A1E7A4F7556}") = "FactoryPattern", "FactoryPattern\FactoryPattern.csproj", "{6652654D-03FF-430B-85CB-C7CABA2EF912}"
EndProject
Project("{9A19103F-16F7-4668-BE54-9A1E7A4F7556}") = "DecoratorPattern", "DecoratorPattern\DecoratorPattern.csproj", "{9D1373E7-45C4-4B75-8A7C-D8BE2B1E63E0}"
EndProject
Project("{9A19103F-16F7-4668-BE54-9A1E7A4F7556}") = "MediatorPattern", "MediatorPattern\MediatorPattern.csproj", "{54EAA74A-2C85-443A-9C3E-7EE3393E6D16}"
EndProject
Project("{9A19103F-16F7-4668-BE54-9A1E7A4F7556}") = "ObserverPattern", "ObserversDesignPattern\ObserversDesignPattern\ObserverPattern.csproj", "{377CD7F1-E3EA-4C99-B0DA-B3FE42694522}"
EndProject
Global
	GlobalSection(SolutionConfigurationPlatforms) = preSolution
		Debug|Any CPU = Debug|Any CPU
		Release|Any CPU = Release|Any CPU
	EndGlobalSection
	GlobalSection(ProjectConfigurationPlatforms) = postSolution
		{71999F5F-977E-47FD-B654-0623BBD77A95}.Debug|Any CPU.ActiveCfg = Debug|Any CPU
		{71999F5F-977E-47FD-B654-0623BBD77A95}.Debug|Any CPU.Build.0 = Debug|Any CPU
		{71999F5F-977E-47FD-B654-0623BBD77A95}.Release|Any CPU.ActiveCfg = Release|Any CPU
		{71999F5F-977E-47FD-B654-0623BBD77A95}.Release|Any CPU.Build.0 = Release|Any CPU
		{6652654D-03FF-430B-85CB-C7CABA2EF912}.Debug|Any CPU.ActiveCfg = Debug|Any CPU
		{6652654D-03FF-430B-85CB-C7CABA2EF912}.Debug|Any CPU.Build.0 = Debug|Any CPU
		{6652654D-03FF-430B-85CB-C7CABA2EF912}.Release|Any CPU.ActiveCfg = Release|Any CPU
		{6652654D-03FF-430B-85CB-C7CABA2EF912}.Release|Any CPU.Build.0 = Release|Any CPU
		{9D1373E7-45C4-4B75-8A7C-D8BE2B1E63E0}.Debug|Any CPU.ActiveCfg = Debug|Any CPU
		{9D1373E7-45C4-4B75-8A7C-D8BE2B1E63E0}.Debug|Any CPU.Build.0 = Debug|Any CPU
		{9D1373E7-45C4-4B75-8A7C-D8BE2B1E63E0}.Release|Any CPU.ActiveCfg = Release|Any CPU
		{9D1373E7-45C4-4B75-8A7C-D8BE2B1E63E0}.Release|Any CPU.Build.0 = Release|Any CPU
		{54EAA74A-2C85-443A-9C3E-7EE3393E6D16}.Debug|Any CPU.ActiveCfg = Debug|Any CPU
		{54EAA74A-2C85-443A-9C3E-7EE3393E6D16}.Debug|Any CPU.Build.0 = Debug|Any CPU
		{54EAA74A-2C85-443A-9C3E-7EE3393E6D16}.Release|Any CPU.ActiveCfg = Release|Any CPU
		{54EAA74A-2C85-443A-9C3E-7EE3393E6D16}.Release|Any CPU.Build.0 = Release|Any CPU
		{377CD7F1-E3EA-4C99-B0DA-B3FE42694522}.Debug|Any CPU.ActiveCfg = Debug|Any CPU
		{377CD7F1-E3EA-4C99-B0DA-B3FE42694522}.Debug|Any CPU.Build.0 = Debug|Any CPU
		{377CD7F1-E3EA-4C99-B0DA-B3FE42694522}.Release|Any CPU.ActiveCfg = Release|Any CPU
		{377CD7F1-E3EA-4C99-B0DA-B3FE42694522}.Release|Any CPU.Build.0 = Release|Any CPU
	EndGlobalSection
	GlobalSection(SolutionProperties) = preSolution
		HideSolutionNode = FALSE
	EndGlobalSection
	GlobalSection(ExtensibilityGlobals) = postSolution
		SolutionGuid = {50FAABA2-F2F5-40F0-9AC4-5AF7127905A0}
	EndGlobalSection
EndGlobal
